
Microsoft Visual Studio Solution File, Format Version 12.00
# Visual Studio Version 17
VisualStudioVersion = 17.0.31903.59
MinimumVisualStudioVersion = 10.0.40219.1
Project("{2150E333-8FDC-42A3-9474-1A3956D46DE8}") = "src", "src", "{827E0CD3-B72D-47B6-A68D-7590B98EB39B}"
EndProject
Project("{FAE04EC0-301F-11D3-BF4B-00C04F79EFBC}") = "EducationPlatform.Domain", "src\EducationPlatform.Domain\EducationPlatform.Domain.csproj", "{DD820C68-0398-419C-9741-4A7EF0212D45}"
EndProject
Project("{FAE04EC0-301F-11D3-BF4B-00C04F79EFBC}") = "EducationPlatform.Application", "src\EducationPlatform.Application\EducationPlatform.Application.csproj", "{48BE86AB-28ED-41D5-B623-233A3875FC71}"
EndProject
Project("{FAE04EC0-301F-11D3-BF4B-00C04F79EFBC}") = "EducationPlatform.Infrastructure", "src\EducationPlatform.Infrastructure\EducationPlatform.Infrastructure.csproj", "{3158DFBA-130E-4CBD-BB12-CA36D8ECFD8A}"
EndProject
Project("{FAE04EC0-301F-11D3-BF4B-00C04F79EFBC}") = "EducationPlatform.Api", "src\EducationPlatform.Api\EducationPlatform.Api.csproj", "{65088AF6-B3B2-48CE-A63A-9074AF5B6952}"
EndProject
Project("{FAE04EC0-301F-11D3-BF4B-00C04F79EFBC}") = "EducationPlatform.UnitTests", "tests\EducationPlatform.UnitTests\EducationPlatform.UnitTests.csproj", "{CB4CDC90-86BD-44CE-A4E1-92C7D68C7117}"
EndProject
Project("{FAE04EC0-301F-11D3-BF4B-00C04F79EFBC}") = "EducationPlatform.IntegrationTests", "tests\EducationPlatform.IntegrationTests\EducationPlatform.IntegrationTests.csproj", "{174AC28A-8969-47FC-8FEB-DF3C3972B6AD}"
EndProject
Global
	GlobalSection(SolutionConfigurationPlatforms) = preSolution
		Debug|Any CPU = Debug|Any CPU
		Debug|x64 = Debug|x64
		Debug|x86 = Debug|x86
		Release|Any CPU = Release|Any CPU
		Release|x64 = Release|x64
		Release|x86 = Release|x86
	EndGlobalSection
	GlobalSection(ProjectConfigurationPlatforms) = postSolution
		{DD820C68-0398-419C-9741-4A7EF0212D45}.Debug|Any CPU.ActiveCfg = Debug|Any CPU
		{DD820C68-0398-419C-9741-4A7EF0212D45}.Debug|Any CPU.Build.0 = Debug|Any CPU
		{DD820C68-0398-419C-9741-4A7EF0212D45}.Debug|x64.ActiveCfg = Debug|Any CPU
		{DD820C68-0398-419C-9741-4A7EF0212D45}.Debug|x64.Build.0 = Debug|Any CPU
		{DD820C68-0398-419C-9741-4A7EF0212D45}.Debug|x86.ActiveCfg = Debug|Any CPU
		{DD820C68-0398-419C-9741-4A7EF0212D45}.Debug|x86.Build.0 = Debug|Any CPU
		{DD820C68-0398-419C-9741-4A7EF0212D45}.Release|Any CPU.ActiveCfg = Release|Any CPU
		{DD820C68-0398-419C-9741-4A7EF0212D45}.Release|Any CPU.Build.0 = Release|Any CPU
		{DD820C68-0398-419C-9741-4A7EF0212D45}.Release|x64.ActiveCfg = Release|Any CPU
		{DD820C68-0398-419C-9741-4A7EF0212D45}.Release|x64.Build.0 = Release|Any CPU
		{DD820C68-0398-419C-9741-4A7EF0212D45}.Release|x86.ActiveCfg = Release|Any CPU
		{DD820C68-0398-419C-9741-4A7EF0212D45}.Release|x86.Build.0 = Release|Any CPU
		{48BE86AB-28ED-41D5-B623-233A3875FC71}.Debug|Any CPU.ActiveCfg = Debug|Any CPU
		{48BE86AB-28ED-41D5-B623-233A3875FC71}.Debug|Any CPU.Build.0 = Debug|Any CPU
		{48BE86AB-28ED-41D5-B623-233A3875FC71}.Debug|x64.ActiveCfg = Debug|Any CPU
		{48BE86AB-28ED-41D5-B623-233A3875FC71}.Debug|x64.Build.0 = Debug|Any CPU
		{48BE86AB-28ED-41D5-B623-233A3875FC71}.Debug|x86.ActiveCfg = Debug|Any CPU
		{48BE86AB-28ED-41D5-B623-233A3875FC71}.Debug|x86.Build.0 = Debug|Any CPU
		{48BE86AB-28ED-41D5-B623-233A3875FC71}.Release|Any CPU.ActiveCfg = Release|Any CPU
		{48BE86AB-28ED-41D5-B623-233A3875FC71}.Release|Any CPU.Build.0 = Release|Any CPU
		{48BE86AB-28ED-41D5-B623-233A3875FC71}.Release|x64.ActiveCfg = Release|Any CPU
		{48BE86AB-28ED-41D5-B623-233A3875FC71}.Release|x64.Build.0 = Release|Any CPU
		{48BE86AB-28ED-41D5-B623-233A3875FC71}.Release|x86.ActiveCfg = Release|Any CPU
		{48BE86AB-28ED-41D5-B623-233A3875FC71}.Release|x86.Build.0 = Release|Any CPU
		{3158DFBA-130E-4CBD-BB12-CA36D8ECFD8A}.Debug|Any CPU.ActiveCfg = Debug|Any CPU
		{3158DFBA-130E-4CBD-BB12-CA36D8ECFD8A}.Debug|Any CPU.Build.0 = Debug|Any CPU
		{3158DFBA-130E-4CBD-BB12-CA36D8ECFD8A}.Debug|x64.ActiveCfg = Debug|Any CPU
		{3158DFBA-130E-4CBD-BB12-CA36D8ECFD8A}.Debug|x64.Build.0 = Debug|Any CPU
		{3158DFBA-130E-4CBD-BB12-CA36D8ECFD8A}.Debug|x86.ActiveCfg = Debug|Any CPU
		{3158DFBA-130E-4CBD-BB12-CA36D8ECFD8A}.Debug|x86.Build.0 = Debug|Any CPU
		{3158DFBA-130E-4CBD-BB12-CA36D8ECFD8A}.Release|Any CPU.ActiveCfg = Release|Any CPU
		{3158DFBA-130E-4CBD-BB12-CA36D8ECFD8A}.Release|Any CPU.Build.0 = Release|Any CPU
		{3158DFBA-130E-4CBD-BB12-CA36D8ECFD8A}.Release|x64.ActiveCfg = Release|Any CPU
		{3158DFBA-130E-4CBD-BB12-CA36D8ECFD8A}.Release|x64.Build.0 = Release|Any CPU
		{3158DFBA-130E-4CBD-BB12-CA36D8ECFD8A}.Release|x86.ActiveCfg = Release|Any CPU
		{3158DFBA-130E-4CBD-BB12-CA36D8ECFD8A}.Release|x86.Build.0 = Release|Any CPU
		{65088AF6-B3B2-48CE-A63A-9074AF5B6952}.Debug|Any CPU.ActiveCfg = Debug|Any CPU
		{65088AF6-B3B2-48CE-A63A-9074AF5B6952}.Debug|Any CPU.Build.0 = Debug|Any CPU
		{65088AF6-B3B2-48CE-A63A-9074AF5B6952}.Debug|x64.ActiveCfg = Debug|Any CPU
		{65088AF6-B3B2-48CE-A63A-9074AF5B6952}.Debug|x64.Build.0 = Debug|Any CPU
		{65088AF6-B3B2-48CE-A63A-9074AF5B6952}.Debug|x86.ActiveCfg = Debug|Any CPU
		{65088AF6-B3B2-48CE-A63A-9074AF5B6952}.Debug|x86.Build.0 = Debug|Any CPU
		{65088AF6-B3B2-48CE-A63A-9074AF5B6952}.Release|Any CPU.ActiveCfg = Release|Any CPU
		{65088AF6-B3B2-48CE-A63A-9074AF5B6952}.Release|Any CPU.Build.0 = Release|Any CPU
		{65088AF6-B3B2-48CE-A63A-9074AF5B6952}.Release|x64.ActiveCfg = Release|Any CPU
		{65088AF6-B3B2-48CE-A63A-9074AF5B6952}.Release|x64.Build.0 = Release|Any CPU
		{65088AF6-B3B2-48CE-A63A-9074AF5B6952}.Release|x86.ActiveCfg = Release|Any CPU
		{65088AF6-B3B2-48CE-A63A-9074AF5B6952}.Release|x86.Build.0 = Release|Any CPU
		{CB4CDC90-86BD-44CE-A4E1-92C7D68C7117}.Debug|Any CPU.ActiveCfg = Debug|Any CPU
		{CB4CDC90-86BD-44CE-A4E1-92C7D68C7117}.Debug|Any CPU.Build.0 = Debug|Any CPU
		{CB4CDC90-86BD-44CE-A4E1-92C7D68C7117}.Debug|x64.ActiveCfg = Debug|Any CPU
		{CB4CDC90-86BD-44CE-A4E1-92C7D68C7117}.Debug|x64.Build.0 = Debug|Any CPU
		{CB4CDC90-86BD-44CE-A4E1-92C7D68C7117}.Debug|x86.ActiveCfg = Debug|Any CPU
		{CB4CDC90-86BD-44CE-A4E1-92C7D68C7117}.Debug|x86.Build.0 = Debug|Any CPU
		{CB4CDC90-86BD-44CE-A4E1-92C7D68C7117}.Release|Any CPU.ActiveCfg = Release|Any CPU
		{CB4CDC90-86BD-44CE-A4E1-92C7D68C7117}.Release|Any CPU.Build.0 = Release|Any CPU
		{CB4CDC90-86BD-44CE-A4E1-92C7D68C7117}.Release|x64.ActiveCfg = Release|Any CPU
		{CB4CDC90-86BD-44CE-A4E1-92C7D68C7117}.Release|x64.Build.0 = Release|Any CPU
		{CB4CDC90-86BD-44CE-A4E1-92C7D68C7117}.Release|x86.ActiveCfg = Release|Any CPU
		{CB4CDC90-86BD-44CE-A4E1-92C7D68C7117}.Release|x86.Build.0 = Release|Any CPU
		{174AC28A-8969-47FC-8FEB-DF3C3972B6AD}.Debug|Any CPU.ActiveCfg = Debug|Any CPU
		{174AC28A-8969-47FC-8FEB-DF3C3972B6AD}.Debug|Any CPU.Build.0 = Debug|Any CPU
		{174AC28A-8969-47FC-8FEB-DF3C3972B6AD}.Debug|x64.ActiveCfg = Debug|Any CPU
		{174AC28A-8969-47FC-8FEB-DF3C3972B6AD}.Debug|x64.Build.0 = Debug|Any CPU
		{174AC28A-8969-47FC-8FEB-DF3C3972B6AD}.Debug|x86.ActiveCfg = Debug|Any CPU
		{174AC28A-8969-47FC-8FEB-DF3C3972B6AD}.Debug|x86.Build.0 = Debug|Any CPU
		{174AC28A-8969-47FC-8FEB-DF3C3972B6AD}.Release|Any CPU.ActiveCfg = Release|Any CPU
		{174AC28A-8969-47FC-8FEB-DF3C3972B6AD}.Release|Any CPU.Build.0 = Release|Any CPU
		{174AC28A-8969-47FC-8FEB-DF3C3972B6AD}.Release|x64.ActiveCfg = Release|Any CPU
		{174AC28A-8969-47FC-8FEB-DF3C3972B6AD}.Release|x64.Build.0 = Release|Any CPU
		{174AC28A-8969-47FC-8FEB-DF3C3972B6AD}.Release|x86.ActiveCfg = Release|Any CPU
		{174AC28A-8969-47FC-8FEB-DF3C3972B6AD}.Release|x86.Build.0 = Release|Any CPU
	EndGlobalSection
	GlobalSection(SolutionProperties) = preSolution
		HideSolutionNode = FALSE
	EndGlobalSection
	GlobalSection(NestedProjects) = preSolution
		{DD820C68-0398-419C-9741-4A7EF0212D45} = {827E0CD3-B72D-47B6-A68D-7590B98EB39B}
		{48BE86AB-28ED-41D5-B623-233A3875FC71} = {827E0CD3-B72D-47B6-A68D-7590B98EB39B}
		{3158DFBA-130E-4CBD-BB12-CA36D8ECFD8A} = {827E0CD3-B72D-47B6-A68D-7590B98EB39B}
		{65088AF6-B3B2-48CE-A63A-9074AF5B6952} = {827E0CD3-B72D-47B6-A68D-7590B98EB39B}
		{CB4CDC90-86BD-44CE-A4E1-92C7D68C7117} = {827E0CD3-B72D-47B6-A68D-7590B98EB39B}
		{174AC28A-8969-47FC-8FEB-DF3C3972B6AD} = {827E0CD3-B72D-47B6-A68D-7590B98EB39B}
	EndGlobalSection
EndGlobal
